{
    "_meta": {
        "hash": {
            "sha256": "40deb82533e1aacdb73fb0d6b9ea924523516ad5e69cbe0c6dc292f38c1af3f7"
        },
        "pipfile-spec": 6,
        "requires": {
            "python_version": "3.9"
        },
        "sources": [
            {
                "name": "pypi",
                "url": "https://pypi.org/simple",
                "verify_ssl": true
            }
        ]
    },
    "default": {
        "whitenoise": {
            "hashes": [
                "sha256:cf8ecf56d86ba1c734fdb5ef6127312e39e92ad5947fef9033dc9e43ba2777d9",
                "sha256:fe0af31504ab08faa1ec7fc02845432096e40cc1b27e6a7747263d7b30fb51fa"
            ],
            "index": "pypi",
            "version": "==6.3.0"
        }
    },
    "develop": {}
}
